
Microsoft Visual Studio Solution File, Format Version 12.00
# Visual Studio Version 17
VisualStudioVersion = 17.5.33209.295
MinimumVisualStudioVersion = 10.0.40219.1
Project("{9A19103F-16F7-4668-BE54-9A1E7A4F7556}") = "Phase3D.UI", "Phase3D.UI\Phase3D.UI.csproj", "{3AA547F0-445D-4E5C-B5BC-CAF652E579CA}"
EndProject
Project("{FAE04EC0-301F-11D3-BF4B-00C04F79EFBC}") = "DataAccess", "DataAccess\DataAccess.csproj", "{A4299CF9-03F5-4B8D-831C-393A0DFDAB16}"
EndProject
Project("{FAE04EC0-301F-11D3-BF4B-00C04F79EFBC}") = "Phase3D.Tests", "Phase3D.Tests\Phase3D.Tests.csproj", "{8E229904-DAEE-4CCE-8704-2C97B7C9CC4B}"
EndProject
Project("{2150E333-8FDC-42A3-9474-1A3956D46DE8}") = "src", "src", "{B2A532E0-D865-4B83-8219-A3FC5C7631BC}"
EndProject
Project("{2150E333-8FDC-42A3-9474-1A3956D46DE8}") = "tests", "tests", "{5499868D-2A01-4DA4-8799-EBC057BBEEE2}"
EndProject
Project("{FAE04EC0-301F-11D3-BF4B-00C04F79EFBC}") = "Phase3D.Services", "Phase3D.Services\Phase3D.Services.csproj", "{3D331650-2249-4893-9A09-B5C731FDB3AC}"
EndProject
Project("{FAE04EC0-301F-11D3-BF4B-00C04F79EFBC}") = "Phase3D.Models", "Phase3D.Models\Phase3D.Models.csproj", "{407CD735-CEBD-454F-AC4A-892FF3779D58}"
EndProject
Project("{FAE04EC0-301F-11D3-BF4B-00C04F79EFBC}") = "Phase3D.Core", "Phase3D.Core\Phase3D.Core.csproj", "{83F1CE67-0A74-4B31-A590-7881B67898DB}"
EndProject
Global
	GlobalSection(SolutionConfigurationPlatforms) = preSolution
		Debug|Any CPU = Debug|Any CPU
		Release|Any CPU = Release|Any CPU
	EndGlobalSection
	GlobalSection(ProjectConfigurationPlatforms) = postSolution
		{3AA547F0-445D-4E5C-B5BC-CAF652E579CA}.Debug|Any CPU.ActiveCfg = Debug|Any CPU
		{3AA547F0-445D-4E5C-B5BC-CAF652E579CA}.Debug|Any CPU.Build.0 = Debug|Any CPU
		{3AA547F0-445D-4E5C-B5BC-CAF652E579CA}.Release|Any CPU.ActiveCfg = Release|Any CPU
		{3AA547F0-445D-4E5C-B5BC-CAF652E579CA}.Release|Any CPU.Build.0 = Release|Any CPU
		{A4299CF9-03F5-4B8D-831C-393A0DFDAB16}.Debug|Any CPU.ActiveCfg = Debug|Any CPU
		{A4299CF9-03F5-4B8D-831C-393A0DFDAB16}.Debug|Any CPU.Build.0 = Debug|Any CPU
		{A4299CF9-03F5-4B8D-831C-393A0DFDAB16}.Release|Any CPU.ActiveCfg = Release|Any CPU
		{A4299CF9-03F5-4B8D-831C-393A0DFDAB16}.Release|Any CPU.Build.0 = Release|Any CPU
		{8E229904-DAEE-4CCE-8704-2C97B7C9CC4B}.Debug|Any CPU.ActiveCfg = Debug|Any CPU
		{8E229904-DAEE-4CCE-8704-2C97B7C9CC4B}.Debug|Any CPU.Build.0 = Debug|Any CPU
		{8E229904-DAEE-4CCE-8704-2C97B7C9CC4B}.Release|Any CPU.ActiveCfg = Release|Any CPU
		{8E229904-DAEE-4CCE-8704-2C97B7C9CC4B}.Release|Any CPU.Build.0 = Release|Any CPU
		{3D331650-2249-4893-9A09-B5C731FDB3AC}.Debug|Any CPU.ActiveCfg = Debug|Any CPU
		{3D331650-2249-4893-9A09-B5C731FDB3AC}.Debug|Any CPU.Build.0 = Debug|Any CPU
		{3D331650-2249-4893-9A09-B5C731FDB3AC}.Release|Any CPU.ActiveCfg = Release|Any CPU
		{3D331650-2249-4893-9A09-B5C731FDB3AC}.Release|Any CPU.Build.0 = Release|Any CPU
		{407CD735-CEBD-454F-AC4A-892FF3779D58}.Debug|Any CPU.ActiveCfg = Debug|Any CPU
		{407CD735-CEBD-454F-AC4A-892FF3779D58}.Debug|Any CPU.Build.0 = Debug|Any CPU
		{407CD735-CEBD-454F-AC4A-892FF3779D58}.Release|Any CPU.ActiveCfg = Release|Any CPU
		{407CD735-CEBD-454F-AC4A-892FF3779D58}.Release|Any CPU.Build.0 = Release|Any CPU
		{83F1CE67-0A74-4B31-A590-7881B67898DB}.Debug|Any CPU.ActiveCfg = Debug|Any CPU
		{83F1CE67-0A74-4B31-A590-7881B67898DB}.Debug|Any CPU.Build.0 = Debug|Any CPU
		{83F1CE67-0A74-4B31-A590-7881B67898DB}.Release|Any CPU.ActiveCfg = Release|Any CPU
		{83F1CE67-0A74-4B31-A590-7881B67898DB}.Release|Any CPU.Build.0 = Release|Any CPU
	EndGlobalSection
	GlobalSection(SolutionProperties) = preSolution
		HideSolutionNode = FALSE
	EndGlobalSection
	GlobalSection(ExtensibilityGlobals) = postSolution
		SolutionGuid = {30F3142B-6E96-4AF5-9AF4-98C866F2D4D8}
	EndGlobalSection
	GlobalSection(NestedProjects) = preSolution
		{3AA547F0-445D-4E5C-B5BC-CAF652E579CA} = {B2A532E0-D865-4B83-8219-A3FC5C7631BC}
		{A4299CF9-03F5-4B8D-831C-393A0DFDAB16} = {B2A532E0-D865-4B83-8219-A3FC5C7631BC}
		{8E229904-DAEE-4CCE-8704-2C97B7C9CC4B} = {5499868D-2A01-4DA4-8799-EBC057BBEEE2}
		{3D331650-2249-4893-9A09-B5C731FDB3AC} = {B2A532E0-D865-4B83-8219-A3FC5C7631BC}
		{407CD735-CEBD-454F-AC4A-892FF3779D58} = {B2A532E0-D865-4B83-8219-A3FC5C7631BC}
		{83F1CE67-0A74-4B31-A590-7881B67898DB} = {B2A532E0-D865-4B83-8219-A3FC5C7631BC}
	EndGlobalSection
EndGlobal
